PODS:
  - Alamofire (4.5.0)
  - AlamofireImage (3.2.0):
    - Alamofire (~> 4.1)
  - IQKeyboardManager (4.0.10)
  - Realm (2.8.3):
    - Realm/Headers (= 2.8.3)
  - Realm/Headers (2.8.3)
  - RealmSwift (2.8.3):
    - Realm (= 2.8.3)
  - SkyFloatingLabelTextField (3.2.0)
  - SVProgressHUD (2.1.2)
  - SwiftyJSON (3.1.4)

DEPENDENCIES:
  - Alamofire (~> 4.4)
  - AlamofireImage (~> 3.2)
  - IQKeyboardManager
  - RealmSwift
  - SkyFloatingLabelTextField (~> 3.0)
  - SVProgressHUD
  - SwiftyJSON

SPEC CHECKSUMS:
  Alamofire: f28cdffd29de33a7bfa022cbd63ae95a27fae140
  AlamofireImage: 157ed682cc81d3b9db4fb90c1f12180ac552d93b
  IQKeyboardManager: 593ee99b88381f4b9ccb22bd680f22606351bd41
  Realm: 3601ef091c8c499a31101d8563b991e75546cdce
  RealmSwift: 8183818515471b01a99abdd2970f8e4fd52b6f4a
  SkyFloatingLabelTextField: 4e2d2f7160af660ed1da6bb9d0027b5c474b4b79
  SVProgressHUD: c404a55d78acbeb7ebb78b76d3faf986475a6994
  SwiftyJSON: c2842d878f95482ffceec5709abc3d05680c0220

PODFILE CHECKSUM: 0f74037231557bfe151b3c89ebaec5233839aec6

COCOAPODS: 1.3.1
