// !$*UTF8*$!
{
	archiveVersion = 1;
	classes = {
	};
	objectVersion = 46;
	objects = {

/* Begin PBXBuildFile section */
		1D3AD8581FA84622008DC794 /* CartProductListSection.swift in Sources */ = {isa = PBXBuildFile; fileRef = 1D3AD8561FA84621008DC794 /* CartProductListSection.swift */; };
		1D3AD8591FA84622008DC794 /* CartProductListViewController.swift in Sources */ = {isa = PBXBuildFile; fileRef = 1D3AD8571FA84622008DC794 /* CartProductListViewController.swift */; };
		1D3AD85C1FA84635008DC794 /* GitHubAPI.swift in Sources */ = {isa = PBXBuildFile; fileRef = 1D3AD85A1FA84635008DC794 /* GitHubAPI.swift */; };
		1D3AD85D1FA84635008DC794 /* GitHubAPIParser.swift in Sources */ = {isa = PBXBuildFile; fileRef = 1D3AD85B1FA84635008DC794 /* GitHubAPIParser.swift */; };
		1D3AD8611FA84655008DC794 /* ProductListSection.swift in Sources */ = {isa = PBXBuildFile; fileRef = 1D3AD85F1FA84655008DC794 /* ProductListSection.swift */; };
		1D3AD8621FA84655008DC794 /* ProductListViewController.swift in Sources */ = {isa = PBXBuildFile; fileRef = 1D3AD8601FA84655008DC794 /* ProductListViewController.swift */; };
		1D3AD8661FA84678008DC794 /* CartManager.swift in Sources */ = {isa = PBXBuildFile; fileRef = 1D3AD8631FA84677008DC794 /* CartManager.swift */; };
		1D3AD86F1FA846A0008DC794 /* Extensions.swift in Sources */ = {isa = PBXBuildFile; fileRef = 1D3AD86B1FA846A0008DC794 /* Extensions.swift */; };
		1D3AD8711FA846A0008DC794 /* APIURL.swift in Sources */ = {isa = PBXBuildFile; fileRef = 1D3AD86D1FA846A0008DC794 /* APIURL.swift */; };
		1D3AD8761FA846BE008DC794 /* ProductCell.swift in Sources */ = {isa = PBXBuildFile; fileRef = 1D3AD8731FA846BE008DC794 /* ProductCell.swift */; };
		1D3AD8771FA846BE008DC794 /* ProductCell.xib in Resources */ = {isa = PBXBuildFile; fileRef = 1D3AD8741FA846BE008DC794 /* ProductCell.xib */; };
		1D3AD8781FA846BE008DC794 /* TableViewController.swift in Sources */ = {isa = PBXBuildFile; fileRef = 1D3AD8751FA846BE008DC794 /* TableViewController.swift */; };
		1D3AD87D1FA847E4008DC794 /* Product.swift in Sources */ = {isa = PBXBuildFile; fileRef = 1D3AD87C1FA847E4008DC794 /* Product.swift */; };
		1D3AD8801FA847EB008DC794 /* Section.swift in Sources */ = {isa = PBXBuildFile; fileRef = 1D3AD87E1FA847EB008DC794 /* Section.swift */; };
		1D3AD8811FA847EB008DC794 /* ProductSection.swift in Sources */ = {isa = PBXBuildFile; fileRef = 1D3AD87F1FA847EB008DC794 /* ProductSection.swift */; };
		1D955E341FA93C2600408472 /* Transaction.swift in Sources */ = {isa = PBXBuildFile; fileRef = 1D955E331FA93C2600408472 /* Transaction.swift */; };
		1D955E361FA9401300408472 /* Card.swift in Sources */ = {isa = PBXBuildFile; fileRef = 1D955E351FA9401300408472 /* Card.swift */; };
		1D955E381FA94A0900408472 /* TransactionViewController.swift in Sources */ = {isa = PBXBuildFile; fileRef = 1D955E371FA94A0900408472 /* TransactionViewController.swift */; };
		1D955E3A1FA9513500408472 /* TransactionListViewController.swift in Sources */ = {isa = PBXBuildFile; fileRef = 1D955E391FA9513500408472 /* TransactionListViewController.swift */; };
		1D955E3C1FA9580A00408472 /* TransactionListSection.swift in Sources */ = {isa = PBXBuildFile; fileRef = 1D955E3B1FA9580A00408472 /* TransactionListSection.swift */; };
		1D955E3E1FA959EE00408472 /* TransactionSection.swift in Sources */ = {isa = PBXBuildFile; fileRef = 1D955E3D1FA959EE00408472 /* TransactionSection.swift */; };
		1D955E401FA95A4F00408472 /* TransactionCell.swift in Sources */ = {isa = PBXBuildFile; fileRef = 1D955E3F1FA95A4F00408472 /* TransactionCell.swift */; };
		1D955E421FA95ACA00408472 /* TransactionCell.xib in Resources */ = {isa = PBXBuildFile; fileRef = 1D955E411FA95ACA00408472 /* TransactionCell.xib */; };
		1DCCEEDF1FA62C31007D02CE /* AppDelegate.swift in Sources */ = {isa = PBXBuildFile; fileRef = 1DCCEEDE1FA62C31007D02CE /* AppDelegate.swift */; };
		1DCCEEE41FA62C31007D02CE /* Main.storyboard in Resources */ = {isa = PBXBuildFile; fileRef = 1DCCEEE21FA62C31007D02CE /* Main.storyboard */; };
		1DCCEEE61FA62C31007D02CE /* Assets.xcassets in Resources */ = {isa = PBXBuildFile; fileRef = 1DCCEEE51FA62C31007D02CE /* Assets.xcassets */; };
		1DCCEEE91FA62C31007D02CE /* LaunchScreen.storyboard in Resources */ = {isa = PBXBuildFile; fileRef = 1DCCEEE71FA62C31007D02CE /* LaunchScreen.storyboard */; };
		1DCCEEF41FA62C31007D02CE /* desafio_mobileTests.swift in Sources */ = {isa = PBXBuildFile; fileRef = 1DCCEEF31FA62C31007D02CE /* desafio_mobileTests.swift */; };
		1DCCEEFF1FA62C31007D02CE /* desafio_mobileUITests.swift in Sources */ = {isa = PBXBuildFile; fileRef = 1DCCEEFE1FA62C31007D02CE /* desafio_mobileUITests.swift */; };
		95FD9023895979090BFEC27D /* Pods_desafio_mobileUITests.framework in Frameworks */ = {isa = PBXBuildFile; fileRef = 1ED6BB449908C488331EDE02 /* Pods_desafio_mobileUITests.framework */; };
		AF24051BB06D77E676B1C211 /* Pods_desafio_mobileTests.framework in Frameworks */ = {isa = PBXBuildFile; fileRef = 69DBE688234779D66CD7AB74 /* Pods_desafio_mobileTests.framework */; };
		D808406C8ECE76BECBE66627 /* Pods_desafio_mobile.framework in Frameworks */ = {isa = PBXBuildFile; fileRef = AEF0640004925C29D15FA4F2 /* Pods_desafio_mobile.framework */; };
/* End PBXBuildFile section */

/* Begin PBXContainerItemProxy section */
		1DCCEEF01FA62C31007D02CE /* PBXContainerItemProxy */ = {
			isa = PBXContainerItemProxy;
			containerPortal = 1DCCEED31FA62C31007D02CE /* Project object */;
			proxyType = 1;
			remoteGlobalIDString = 1DCCEEDA1FA62C31007D02CE;
			remoteInfo = "desafio-mobile";
		};
		1DCCEEFB1FA62C31007D02CE /* PBXContainerItemProxy */ = {
			isa = PBXContainerItemProxy;
			containerPortal = 1DCCEED31FA62C31007D02CE /* Project object */;
			proxyType = 1;
			remoteGlobalIDString = 1DCCEEDA1FA62C31007D02CE;
			remoteInfo = "desafio-mobile";
		};
/* End PBXContainerItemProxy section */

/* Begin PBXFileReference section */
		1D3AD8561FA84621008DC794 /* CartProductListSection.swift */ = {isa = PBXFileReference; fileEncoding = 4; lastKnownFileType = sourcecode.swift; path = CartProductListSection.swift; sourceTree = "<group>"; };
		1D3AD8571FA84622008DC794 /* CartProductListViewController.swift */ = {isa = PBXFileReference; fileEncoding = 4; lastKnownFileType = sourcecode.swift; path = CartProductListViewController.swift; sourceTree = "<group>"; };
		1D3AD85A1FA84635008DC794 /* GitHubAPI.swift */ = {isa = PBXFileReference; fileEncoding = 4; lastKnownFileType = sourcecode.swift; path = GitHubAPI.swift; sourceTree = "<group>"; };
		1D3AD85B1FA84635008DC794 /* GitHubAPIParser.swift */ = {isa = PBXFileReference; fileEncoding = 4; lastKnownFileType = sourcecode.swift; path = GitHubAPIParser.swift; sourceTree = "<group>"; };
		1D3AD85F1FA84655008DC794 /* ProductListSection.swift */ = {isa = PBXFileReference; fileEncoding = 4; lastKnownFileType = sourcecode.swift; path = ProductListSection.swift; sourceTree = "<group>"; };
		1D3AD8601FA84655008DC794 /* ProductListViewController.swift */ = {isa = PBXFileReference; fileEncoding = 4; lastKnownFileType = sourcecode.swift; path = ProductListViewController.swift; sourceTree = "<group>"; };
		1D3AD8631FA84677008DC794 /* CartManager.swift */ = {isa = PBXFileReference; fileEncoding = 4; lastKnownFileType = sourcecode.swift; path = CartManager.swift; sourceTree = "<group>"; };
		1D3AD86B1FA846A0008DC794 /* Extensions.swift */ = {isa = PBXFileReference; fileEncoding = 4; lastKnownFileType = sourcecode.swift; path = Extensions.swift; sourceTree = "<group>"; };
		1D3AD86D1FA846A0008DC794 /* APIURL.swift */ = {isa = PBXFileReference; fileEncoding = 4; lastKnownFileType = sourcecode.swift; path = APIURL.swift; sourceTree = "<group>"; };
		1D3AD8731FA846BE008DC794 /* ProductCell.swift */ = {isa = PBXFileReference; fileEncoding = 4; lastKnownFileType = sourcecode.swift; path = ProductCell.swift; sourceTree = "<group>"; };
		1D3AD8741FA846BE008DC794 /* ProductCell.xib */ = {isa = PBXFileReference; fileEncoding = 4; lastKnownFileType = file.xib; path = ProductCell.xib; sourceTree = "<group>"; };
		1D3AD8751FA846BE008DC794 /* TableViewController.swift */ = {isa = PBXFileReference; fileEncoding = 4; lastKnownFileType = sourcecode.swift; path = TableViewController.swift; sourceTree = "<group>"; };
		1D3AD87C1FA847E4008DC794 /* Product.swift */ = {isa = PBXFileReference; fileEncoding = 4; lastKnownFileType = sourcecode.swift; path = Product.swift; sourceTree = "<group>"; };
		1D3AD87E1FA847EB008DC794 /* Section.swift */ = {isa = PBXFileReference; fileEncoding = 4; lastKnownFileType = sourcecode.swift; path = Section.swift; sourceTree = "<group>"; };
		1D3AD87F1FA847EB008DC794 /* ProductSection.swift */ = {isa = PBXFileReference; fileEncoding = 4; lastKnownFileType = sourcecode.swift; path = ProductSection.swift; sourceTree = "<group>"; };
		1D955E331FA93C2600408472 /* Transaction.swift */ = {isa = PBXFileReference; lastKnownFileType = sourcecode.swift; path = Transaction.swift; sourceTree = "<group>"; };
		1D955E351FA9401300408472 /* Card.swift */ = {isa = PBXFileReference; lastKnownFileType = sourcecode.swift; path = Card.swift; sourceTree = "<group>"; };
		1D955E371FA94A0900408472 /* TransactionViewController.swift */ = {isa = PBXFileReference; lastKnownFileType = sourcecode.swift; path = TransactionViewController.swift; sourceTree = "<group>"; };
		1D955E391FA9513500408472 /* TransactionListViewController.swift */ = {isa = PBXFileReference; lastKnownFileType = sourcecode.swift; path = TransactionListViewController.swift; sourceTree = "<group>"; };
		1D955E3B1FA9580A00408472 /* TransactionListSection.swift */ = {isa = PBXFileReference; lastKnownFileType = sourcecode.swift; path = TransactionListSection.swift; sourceTree = "<group>"; };
		1D955E3D1FA959EE00408472 /* TransactionSection.swift */ = {isa = PBXFileReference; lastKnownFileType = sourcecode.swift; path = TransactionSection.swift; sourceTree = "<group>"; };
		1D955E3F1FA95A4F00408472 /* TransactionCell.swift */ = {isa = PBXFileReference; lastKnownFileType = sourcecode.swift; path = TransactionCell.swift; sourceTree = "<group>"; };
		1D955E411FA95ACA00408472 /* TransactionCell.xib */ = {isa = PBXFileReference; lastKnownFileType = file.xib; path = TransactionCell.xib; sourceTree = "<group>"; };
		1DCCEEDB1FA62C31007D02CE /* desafio-mobile.app */ = {isa = PBXFileReference; explicitFileType = wrapper.application; includeInIndex = 0; path = "desafio-mobile.app"; sourceTree = BUILT_PRODUCTS_DIR; };
		1DCCEEDE1FA62C31007D02CE /* AppDelegate.swift */ = {isa = PBXFileReference; lastKnownFileType = sourcecode.swift; path = AppDelegate.swift; sourceTree = "<group>"; };
		1DCCEEE31FA62C31007D02CE /* Base */ = {isa = PBXFileReference; lastKnownFileType = file.storyboard; name = Base; path = Base.lproj/Main.storyboard; sourceTree = "<group>"; };
		1DCCEEE51FA62C31007D02CE /* Assets.xcassets */ = {isa = PBXFileReference; lastKnownFileType = folder.assetcatalog; path = Assets.xcassets; sourceTree = "<group>"; };
		1DCCEEE81FA62C31007D02CE /* Base */ = {isa = PBXFileReference; lastKnownFileType = file.storyboard; name = Base; path = Base.lproj/LaunchScreen.storyboard; sourceTree = "<group>"; };
		1DCCEEEA1FA62C31007D02CE /* Info.plist */ = {isa = PBXFileReference; lastKnownFileType = text.plist.xml; path = Info.plist; sourceTree = "<group>"; };
		1DCCEEEF1FA62C31007D02CE /* desafio-mobileTests.xctest */ = {isa = PBXFileReference; explicitFileType = wrapper.cfbundle; includeInIndex = 0; path = "desafio-mobileTests.xctest"; sourceTree = BUILT_PRODUCTS_DIR; };
		1DCCEEF31FA62C31007D02CE /* desafio_mobileTests.swift */ = {isa = PBXFileReference; lastKnownFileType = sourcecode.swift; path = desafio_mobileTests.swift; sourceTree = "<group>"; };
		1DCCEEF51FA62C31007D02CE /* Info.plist */ = {isa = PBXFileReference; lastKnownFileType = text.plist.xml; path = Info.plist; sourceTree = "<group>"; };
		1DCCEEFA1FA62C31007D02CE /* desafio-mobileUITests.xctest */ = {isa = PBXFileReference; explicitFileType = wrapper.cfbundle; includeInIndex = 0; path = "desafio-mobileUITests.xctest"; sourceTree = BUILT_PRODUCTS_DIR; };
		1DCCEEFE1FA62C31007D02CE /* desafio_mobileUITests.swift */ = {isa = PBXFileReference; lastKnownFileType = sourcecode.swift; path = desafio_mobileUITests.swift; sourceTree = "<group>"; };
		1DCCEF001FA62C31007D02CE /* Info.plist */ = {isa = PBXFileReference; lastKnownFileType = text.plist.xml; path = Info.plist; sourceTree = "<group>"; };
		1ED6BB449908C488331EDE02 /* Pods_desafio_mobileUITests.framework */ = {isa = PBXFileReference; explicitFileType = wrapper.framework; includeInIndex = 0; path = Pods_desafio_mobileUITests.framework; sourceTree = BUILT_PRODUCTS_DIR; };
		3ACB4AD30BADFE5B7728A9D7 /* Pods-desafio-mobileTests.release.xcconfig */ = {isa = PBXFileReference; includeInIndex = 1; lastKnownFileType = text.xcconfig; name = "Pods-desafio-mobileTests.release.xcconfig"; path = "Pods/Target Support Files/Pods-desafio-mobileTests/Pods-desafio-mobileTests.release.xcconfig"; sourceTree = "<group>"; };
		541F54FB9D688E44E212B030 /* Pods-desafio-mobileUITests.release.xcconfig */ = {isa = PBXFileReference; includeInIndex = 1; lastKnownFileType = text.xcconfig; name = "Pods-desafio-mobileUITests.release.xcconfig"; path = "Pods/Target Support Files/Pods-desafio-mobileUITests/Pods-desafio-mobileUITests.release.xcconfig"; sourceTree = "<group>"; };
		69DBE688234779D66CD7AB74 /* Pods_desafio_mobileTests.framework */ = {isa = PBXFileReference; explicitFileType = wrapper.framework; includeInIndex = 0; path = Pods_desafio_mobileTests.framework; sourceTree = BUILT_PRODUCTS_DIR; };
		7425E17F07F8E22A7D55B731 /* Pods-desafio-mobile.release.xcconfig */ = {isa = PBXFileReference; includeInIndex = 1; lastKnownFileType = text.xcconfig; name = "Pods-desafio-mobile.release.xcconfig"; path = "Pods/Target Support Files/Pods-desafio-mobile/Pods-desafio-mobile.release.xcconfig"; sourceTree = "<group>"; };
		91B22A560BDCFD0D02AD55C0 /* Pods-desafio-mobile.debug.xcconfig */ = {isa = PBXFileReference; includeInIndex = 1; lastKnownFileType = text.xcconfig; name = "Pods-desafio-mobile.debug.xcconfig"; path = "Pods/Target Support Files/Pods-desafio-mobile/Pods-desafio-mobile.debug.xcconfig"; sourceTree = "<group>"; };
		9874A70FF578A1591755DA0C /* Pods-desafio-mobileUITests.debug.xcconfig */ = {isa = PBXFileReference; includeInIndex = 1; lastKnownFileType = text.xcconfig; name = "Pods-desafio-mobileUITests.debug.xcconfig"; path = "Pods/Target Support Files/Pods-desafio-mobileUITests/Pods-desafio-mobileUITests.debug.xcconfig"; sourceTree = "<group>"; };
		9F6B70365777CF77ED24933D /* Pods-desafio-mobileTests.debug.xcconfig */ = {isa = PBXFileReference; includeInIndex = 1; lastKnownFileType = text.xcconfig; name = "Pods-desafio-mobileTests.debug.xcconfig"; path = "Pods/Target Support Files/Pods-desafio-mobileTests/Pods-desafio-mobileTests.debug.xcconfig"; sourceTree = "<group>"; };
		AEF0640004925C29D15FA4F2 /* Pods_desafio_mobile.framework */ = {isa = PBXFileReference; explicitFileType = wrapper.framework; includeInIndex = 0; path = Pods_desafio_mobile.framework; sourceTree = BUILT_PRODUCTS_DIR; };
/* End PBXFileReference section */

/* Begin PBXFrameworksBuildPhase section */
		1DCCEED81FA62C31007D02CE /* Frameworks */ = {
			isa = PBXFrameworksBuildPhase;
			buildActionMask = 2147483647;
			files = (
				D808406C8ECE76BECBE66627 /* Pods_desafio_mobile.framework in Frameworks */,
			);
			runOnlyForDeploymentPostprocessing = 0;
		};
		1DCCEEEC1FA62C31007D02CE /* Frameworks */ = {
			isa = PBXFrameworksBuildPhase;
			buildActionMask = 2147483647;
			files = (
				AF24051BB06D77E676B1C211 /* Pods_desafio_mobileTests.framework in Frameworks */,
			);
			runOnlyForDeploymentPostprocessing = 0;
		};
		1DCCEEF71FA62C31007D02CE /* Frameworks */ = {
			isa = PBXFrameworksBuildPhase;
			buildActionMask = 2147483647;
			files = (
				95FD9023895979090BFEC27D /* Pods_desafio_mobileUITests.framework in Frameworks */,
			);
			runOnlyForDeploymentPostprocessing = 0;
		};
/* End PBXFrameworksBuildPhase section */

/* Begin PBXGroup section */
		1D3AD8541FA84601008DC794 /* CartList */ = {
			isa = PBXGroup;
			children = (
				1D3AD8561FA84621008DC794 /* CartProductListSection.swift */,
				1D3AD8571FA84622008DC794 /* CartProductListViewController.swift */,
			);
			path = CartList;
			sourceTree = "<group>";
		};
		1D3AD8551FA8460C008DC794 /* GitHubAPI */ = {
			isa = PBXGroup;
			children = (
				1D3AD85A1FA84635008DC794 /* GitHubAPI.swift */,
				1D3AD85B1FA84635008DC794 /* GitHubAPIParser.swift */,
			);
			path = GitHubAPI;
			sourceTree = "<group>";
		};
		1D3AD85E1FA84642008DC794 /* ProductList */ = {
			isa = PBXGroup;
			children = (
				1D3AD85F1FA84655008DC794 /* ProductListSection.swift */,
				1D3AD8601FA84655008DC794 /* ProductListViewController.swift */,
			);
			path = ProductList;
			sourceTree = "<group>";
		};
		1D3AD8691FA8468E008DC794 /* Common */ = {
			isa = PBXGroup;
			children = (
				1D3AD87B1FA84753008DC794 /* Model */,
				1D3AD87A1FA8473A008DC794 /* Section */,
				1D3AD8721FA846A6008DC794 /* View */,
				1D3AD86D1FA846A0008DC794 /* APIURL.swift */,
				1D3AD86B1FA846A0008DC794 /* Extensions.swift */,
			);
			path = Common;
			sourceTree = "<group>";
		};
		1D3AD8721FA846A6008DC794 /* View */ = {
			isa = PBXGroup;
			children = (
				1D3AD8731FA846BE008DC794 /* ProductCell.swift */,
				1D3AD8741FA846BE008DC794 /* ProductCell.xib */,
				1D3AD8751FA846BE008DC794 /* TableViewController.swift */,
			);
			path = View;
			sourceTree = "<group>";
		};
		1D3AD87A1FA8473A008DC794 /* Section */ = {
			isa = PBXGroup;
			children = (
				1D3AD87F1FA847EB008DC794 /* ProductSection.swift */,
				1D3AD87E1FA847EB008DC794 /* Section.swift */,
			);
			path = Section;
			sourceTree = "<group>";
		};
		1D3AD87B1FA84753008DC794 /* Model */ = {
			isa = PBXGroup;
			children = (
				1D3AD87C1FA847E4008DC794 /* Product.swift */,
				1D955E331FA93C2600408472 /* Transaction.swift */,
				1D955E351FA9401300408472 /* Card.swift */,
			);
			path = Model;
			sourceTree = "<group>";
		};
		1D955E321FA93C0000408472 /* Transaction */ = {
			isa = PBXGroup;
			children = (
				1D955E371FA94A0900408472 /* TransactionViewController.swift */,
				1D955E391FA9513500408472 /* TransactionListViewController.swift */,
				1D955E3B1FA9580A00408472 /* TransactionListSection.swift */,
				1D955E3D1FA959EE00408472 /* TransactionSection.swift */,
				1D955E3F1FA95A4F00408472 /* TransactionCell.swift */,
				1D955E411FA95ACA00408472 /* TransactionCell.xib */,
			);
			path = Transaction;
			sourceTree = "<group>";
		};
		1DCCEED21FA62C31007D02CE = {
			isa = PBXGroup;
			children = (
				1DCCEEDD1FA62C31007D02CE /* desafio-mobile */,
				1DCCEEF21FA62C31007D02CE /* desafio-mobileTests */,
				1DCCEEFD1FA62C31007D02CE /* desafio-mobileUITests */,
				1DCCEEDC1FA62C31007D02CE /* Products */,
				37D25C17E05CD118B485D58E /* Pods */,
				EA7F262C93FF42428FCA637E /* Frameworks */,
			);
			sourceTree = "<group>";
		};
		1DCCEEDC1FA62C31007D02CE /* Products */ = {
			isa = PBXGroup;
			children = (
				1DCCEEDB1FA62C31007D02CE /* desafio-mobile.app */,
				1DCCEEEF1FA62C31007D02CE /* desafio-mobileTests.xctest */,
				1DCCEEFA1FA62C31007D02CE /* desafio-mobileUITests.xctest */,
			);
			name = Products;
			sourceTree = "<group>";
		};
		1DCCEEDD1FA62C31007D02CE /* desafio-mobile */ = {
			isa = PBXGroup;
			children = (
				1D955E321FA93C0000408472 /* Transaction */,
				1D3AD8541FA84601008DC794 /* CartList */,
				1D3AD8691FA8468E008DC794 /* Common */,
				1D3AD8551FA8460C008DC794 /* GitHubAPI */,
				1D3AD85E1FA84642008DC794 /* ProductList */,
				1D3AD8631FA84677008DC794 /* CartManager.swift */,
				1DCCEEDE1FA62C31007D02CE /* AppDelegate.swift */,
				1DCCEEE21FA62C31007D02CE /* Main.storyboard */,
				1DCCEEE51FA62C31007D02CE /* Assets.xcassets */,
				1DCCEEE71FA62C31007D02CE /* LaunchScreen.storyboard */,
				1DCCEEEA1FA62C31007D02CE /* Info.plist */,
			);
			path = "desafio-mobile";
			sourceTree = "<group>";
		};
		1DCCEEF21FA62C31007D02CE /* desafio-mobileTests */ = {
			isa = PBXGroup;
			children = (
				1DCCEEF31FA62C31007D02CE /* desafio_mobileTests.swift */,
				1DCCEEF51FA62C31007D02CE /* Info.plist */,
			);
			path = "desafio-mobileTests";
			sourceTree = "<group>";
		};
		1DCCEEFD1FA62C31007D02CE /* desafio-mobileUITests */ = {
			isa = PBXGroup;
			children = (
				1DCCEEFE1FA62C31007D02CE /* desafio_mobileUITests.swift */,
				1DCCEF001FA62C31007D02CE /* Info.plist */,
			);
			path = "desafio-mobileUITests";
			sourceTree = "<group>";
		};
		37D25C17E05CD118B485D58E /* Pods */ = {
			isa = PBXGroup;
			children = (
				91B22A560BDCFD0D02AD55C0 /* Pods-desafio-mobile.debug.xcconfig */,
				7425E17F07F8E22A7D55B731 /* Pods-desafio-mobile.release.xcconfig */,
				9F6B70365777CF77ED24933D /* Pods-desafio-mobileTests.debug.xcconfig */,
				3ACB4AD30BADFE5B7728A9D7 /* Pods-desafio-mobileTests.release.xcconfig */,
				9874A70FF578A1591755DA0C /* Pods-desafio-mobileUITests.debug.xcconfig */,
				541F54FB9D688E44E212B030 /* Pods-desafio-mobileUITests.release.xcconfig */,
			);
			name = Pods;
			sourceTree = "<group>";
		};
		EA7F262C93FF42428FCA637E /* Frameworks */ = {
			isa = PBXGroup;
			children = (
				AEF0640004925C29D15FA4F2 /* Pods_desafio_mobile.framework */,
				69DBE688234779D66CD7AB74 /* Pods_desafio_mobileTests.framework */,
				1ED6BB449908C488331EDE02 /* Pods_desafio_mobileUITests.framework */,
			);
			name = Frameworks;
			sourceTree = "<group>";
		};
/* End PBXGroup section */

/* Begin PBXNativeTarget section */
		1DCCEEDA1FA62C31007D02CE /* desafio-mobile */ = {
			isa = PBXNativeTarget;
			buildConfigurationList = 1DCCEF031FA62C31007D02CE /* Build configuration list for PBXNativeTarget "desafio-mobile" */;
			buildPhases = (
				BE5BDCF9FFD43DCB6F5B8D27 /* [CP] Check Pods Manifest.lock */,
				1DCCEED71FA62C31007D02CE /* Sources */,
				1DCCEED81FA62C31007D02CE /* Frameworks */,
				1DCCEED91FA62C31007D02CE /* Resources */,
				E0D88741F629A1C5817CA0A5 /* [CP] Embed Pods Frameworks */,
				8A9A36CE08AF7A9ED27BF082 /* [CP] Copy Pods Resources */,
			);
			buildRules = (
			);
			dependencies = (
			);
			name = "desafio-mobile";
			productName = "desafio-mobile";
			productReference = 1DCCEEDB1FA62C31007D02CE /* desafio-mobile.app */;
			productType = "com.apple.product-type.application";
		};
		1DCCEEEE1FA62C31007D02CE /* desafio-mobileTests */ = {
			isa = PBXNativeTarget;
			buildConfigurationList = 1DCCEF061FA62C31007D02CE /* Build configuration list for PBXNativeTarget "desafio-mobileTests" */;
			buildPhases = (
				D7B2FD543D5E694FFCB5691C /* [CP] Check Pods Manifest.lock */,
				1DCCEEEB1FA62C31007D02CE /* Sources */,
				1DCCEEEC1FA62C31007D02CE /* Frameworks */,
				1DCCEEED1FA62C31007D02CE /* Resources */,
				8444852BF3F608CEB3613CA3 /* [CP] Embed Pods Frameworks */,
				569A5C2DCB263A7FDBD65891 /* [CP] Copy Pods Resources */,
			);
			buildRules = (
			);
			dependencies = (
				1DCCEEF11FA62C31007D02CE /* PBXTargetDependency */,
			);
			name = "desafio-mobileTests";
			productName = "desafio-mobileTests";
			productReference = 1DCCEEEF1FA62C31007D02CE /* desafio-mobileTests.xctest */;
			productType = "com.apple.product-type.bundle.unit-test";
		};
		1DCCEEF91FA62C31007D02CE /* desafio-mobileUITests */ = {
			isa = PBXNativeTarget;
			buildConfigurationList = 1DCCEF091FA62C31007D02CE /* Build configuration list for PBXNativeTarget "desafio-mobileUITests" */;
			buildPhases = (
				65C2778D5CF03A5DA79BDAC5 /* [CP] Check Pods Manifest.lock */,
				1DCCEEF61FA62C31007D02CE /* Sources */,
				1DCCEEF71FA62C31007D02CE /* Frameworks */,
				1DCCEEF81FA62C31007D02CE /* Resources */,
				450D0AD1F0979B7B9B1D6A30 /* [CP] Embed Pods Frameworks */,
				72694A63141787E0205210BE /* [CP] Copy Pods Resources */,
			);
			buildRules = (
			);
			dependencies = (
				1DCCEEFC1FA62C31007D02CE /* PBXTargetDependency */,
			);
			name = "desafio-mobileUITests";
			productName = "desafio-mobileUITests";
			productReference = 1DCCEEFA1FA62C31007D02CE /* desafio-mobileUITests.xctest */;
			productType = "com.apple.product-type.bundle.ui-testing";
		};
/* End PBXNativeTarget section */

/* Begin PBXProject section */
		1DCCEED31FA62C31007D02CE /* Project object */ = {
			isa = PBXProject;
			attributes = {
				LastSwiftUpdateCheck = 0830;
				LastUpgradeCheck = 0900;
				ORGANIZATIONNAME = "Jade Silveira";
				TargetAttributes = {
					1DCCEEDA1FA62C31007D02CE = {
						CreatedOnToolsVersion = 8.3.2;
						LastSwiftMigration = 0900;
						ProvisioningStyle = Automatic;
					};
					1DCCEEEE1FA62C31007D02CE = {
						CreatedOnToolsVersion = 8.3.2;
						LastSwiftMigration = 0900;
						ProvisioningStyle = Automatic;
						TestTargetID = 1DCCEEDA1FA62C31007D02CE;
					};
					1DCCEEF91FA62C31007D02CE = {
						CreatedOnToolsVersion = 8.3.2;
						LastSwiftMigration = 0900;
						ProvisioningStyle = Automatic;
						TestTargetID = 1DCCEEDA1FA62C31007D02CE;
					};
				};
			};
			buildConfigurationList = 1DCCEED61FA62C31007D02CE /* Build configuration list for PBXProject "desafio-mobile" */;
			compatibilityVersion = "Xcode 3.2";
			developmentRegion = English;
			hasScannedForEncodings = 0;
			knownRegions = (
				en,
				Base,
			);
			mainGroup = 1DCCEED21FA62C31007D02CE;
			productRefGroup = 1DCCEEDC1FA62C31007D02CE /* Products */;
			projectDirPath = "";
			projectRoot = "";
			targets = (
				1DCCEEDA1FA62C31007D02CE /* desafio-mobile */,
				1DCCEEEE1FA62C31007D02CE /* desafio-mobileTests */,
				1DCCEEF91FA62C31007D02CE /* desafio-mobileUITests */,
			);
		};
/* End PBXProject section */

/* Begin PBXResourcesBuildPhase section */
		1DCCEED91FA62C31007D02CE /* Resources */ = {
			isa = PBXResourcesBuildPhase;
			buildActionMask = 2147483647;
			files = (
				1DCCEEE91FA62C31007D02CE /* LaunchScreen.storyboard in Resources */,
				1D3AD8771FA846BE008DC794 /* ProductCell.xib in Resources */,
				1DCCEEE61FA62C31007D02CE /* Assets.xcassets in Resources */,
				1DCCEEE41FA62C31007D02CE /* Main.storyboard in Resources */,
				1D955E421FA95ACA00408472 /* TransactionCell.xib in Resources */,
			);
			runOnlyForDeploymentPostprocessing = 0;
		};
		1DCCEEED1FA62C31007D02CE /* Resources */ = {
			isa = PBXResourcesBuildPhase;
			buildActionMask = 2147483647;
			files = (
			);
			runOnlyForDeploymentPostprocessing = 0;
		};
		1DCCEEF81FA62C31007D02CE /* Resources */ = {
			isa = PBXResourcesBuildPhase;
			buildActionMask = 2147483647;
			files = (
			);
			runOnlyForDeploymentPostprocessing = 0;
		};
/* End PBXResourcesBuildPhase section */

/* Begin PBXShellScriptBuildPhase section */
		450D0AD1F0979B7B9B1D6A30 /* [CP] Embed Pods Frameworks */ = {
			isa = PBXShellScriptBuildPhase;
			buildActionMask = 2147483647;
			files = (
			);
			inputPaths = (
			);
			name = "[CP] Embed Pods Frameworks";
			outputPaths = (
			);
			runOnlyForDeploymentPostprocessing = 0;
			shellPath = /bin/sh;
			shellScript = "\"${SRCROOT}/Pods/Target Support Files/Pods-desafio-mobileUITests/Pods-desafio-mobileUITests-frameworks.sh\"\n";
			showEnvVarsInLog = 0;
		};
		569A5C2DCB263A7FDBD65891 /* [CP] Copy Pods Resources */ = {
			isa = PBXShellScriptBuildPhase;
			buildActionMask = 2147483647;
			files = (
			);
			inputPaths = (
			);
			name = "[CP] Copy Pods Resources";
			outputPaths = (
			);
			runOnlyForDeploymentPostprocessing = 0;
			shellPath = /bin/sh;
			shellScript = "\"${SRCROOT}/Pods/Target Support Files/Pods-desafio-mobileTests/Pods-desafio-mobileTests-resources.sh\"\n";
			showEnvVarsInLog = 0;
		};
		65C2778D5CF03A5DA79BDAC5 /* [CP] Check Pods Manifest.lock */ = {
			isa = PBXShellScriptBuildPhase;
			buildActionMask = 2147483647;
			files = (
			);
			inputPaths = (
				"${PODS_PODFILE_DIR_PATH}/Podfile.lock",
				"${PODS_ROOT}/Manifest.lock",
			);
			name = "[CP] Check Pods Manifest.lock";
			outputPaths = (
				"$(DERIVED_FILE_DIR)/Pods-desafio-mobileUITests-checkManifestLockResult.txt",
			);
			runOnlyForDeploymentPostprocessing = 0;
			shellPath = /bin/sh;
			shellScript = "diff \"${PODS_PODFILE_DIR_PATH}/Podfile.lock\" \"${PODS_ROOT}/Manifest.lock\" > /dev/null\nif [ $? != 0 ] ; then\n    # print error to STDERR\n    echo \"error: The sandbox is not in sync with the Podfile.lock. Run 'pod install' or update your CocoaPods installation.\" >&2\n    exit 1\nfi\n# This output is used by Xcode 'outputs' to avoid re-running this script phase.\necho \"SUCCESS\" > \"${SCRIPT_OUTPUT_FILE_0}\"\n";
			showEnvVarsInLog = 0;
		};
		72694A63141787E0205210BE /* [CP] Copy Pods Resources */ = {
			isa = PBXShellScriptBuildPhase;
			buildActionMask = 2147483647;
			files = (
			);
			inputPaths = (
			);
			name = "[CP] Copy Pods Resources";
			outputPaths = (
			);
			runOnlyForDeploymentPostprocessing = 0;
			shellPath = /bin/sh;
			shellScript = "\"${SRCROOT}/Pods/Target Support Files/Pods-desafio-mobileUITests/Pods-desafio-mobileUITests-resources.sh\"\n";
			showEnvVarsInLog = 0;
		};
		8444852BF3F608CEB3613CA3 /* [CP] Embed Pods Frameworks */ = {
			isa = PBXShellScriptBuildPhase;
			buildActionMask = 2147483647;
			files = (
			);
			inputPaths = (
			);
			name = "[CP] Embed Pods Frameworks";
			outputPaths = (
			);
			runOnlyForDeploymentPostprocessing = 0;
			shellPath = /bin/sh;
			shellScript = "\"${SRCROOT}/Pods/Target Support Files/Pods-desafio-mobileTests/Pods-desafio-mobileTests-frameworks.sh\"\n";
			showEnvVarsInLog = 0;
		};
		8A9A36CE08AF7A9ED27BF082 /* [CP] Copy Pods Resources */ = {
			isa = PBXShellScriptBuildPhase;
			buildActionMask = 2147483647;
			files = (
			);
			inputPaths = (
			);
			name = "[CP] Copy Pods Resources";
			outputPaths = (
			);
			runOnlyForDeploymentPostprocessing = 0;
			shellPath = /bin/sh;
			shellScript = "\"${SRCROOT}/Pods/Target Support Files/Pods-desafio-mobile/Pods-desafio-mobile-resources.sh\"\n";
			showEnvVarsInLog = 0;
		};
		BE5BDCF9FFD43DCB6F5B8D27 /* [CP] Check Pods Manifest.lock */ = {
			isa = PBXShellScriptBuildPhase;
			buildActionMask = 2147483647;
			files = (
			);
			inputPaths = (
				"${PODS_PODFILE_DIR_PATH}/Podfile.lock",
				"${PODS_ROOT}/Manifest.lock",
			);
			name = "[CP] Check Pods Manifest.lock";
			outputPaths = (
				"$(DERIVED_FILE_DIR)/Pods-desafio-mobile-checkManifestLockResult.txt",
			);
			runOnlyForDeploymentPostprocessing = 0;
			shellPath = /bin/sh;
			shellScript = "diff \"${PODS_PODFILE_DIR_PATH}/Podfile.lock\" \"${PODS_ROOT}/Manifest.lock\" > /dev/null\nif [ $? != 0 ] ; then\n    # print error to STDERR\n    echo \"error: The sandbox is not in sync with the Podfile.lock. Run 'pod install' or update your CocoaPods installation.\" >&2\n    exit 1\nfi\n# This output is used by Xcode 'outputs' to avoid re-running this script phase.\necho \"SUCCESS\" > \"${SCRIPT_OUTPUT_FILE_0}\"\n";
			showEnvVarsInLog = 0;
		};
		D7B2FD543D5E694FFCB5691C /* [CP] Check Pods Manifest.lock */ = {
			isa = PBXShellScriptBuildPhase;
			buildActionMask = 2147483647;
			files = (
			);
			inputPaths = (
				"${PODS_PODFILE_DIR_PATH}/Podfile.lock",
				"${PODS_ROOT}/Manifest.lock",
			);
			name = "[CP] Check Pods Manifest.lock";
			outputPaths = (
				"$(DERIVED_FILE_DIR)/Pods-desafio-mobileTests-checkManifestLockResult.txt",
			);
			runOnlyForDeploymentPostprocessing = 0;
			shellPath = /bin/sh;
			shellScript = "diff \"${PODS_PODFILE_DIR_PATH}/Podfile.lock\" \"${PODS_ROOT}/Manifest.lock\" > /dev/null\nif [ $? != 0 ] ; then\n    # print error to STDERR\n    echo \"error: The sandbox is not in sync with the Podfile.lock. Run 'pod install' or update your CocoaPods installation.\" >&2\n    exit 1\nfi\n# This output is used by Xcode 'outputs' to avoid re-running this script phase.\necho \"SUCCESS\" > \"${SCRIPT_OUTPUT_FILE_0}\"\n";
			showEnvVarsInLog = 0;
		};
		E0D88741F629A1C5817CA0A5 /* [CP] Embed Pods Frameworks */ = {
			isa = PBXShellScriptBuildPhase;
			buildActionMask = 2147483647;
			files = (
			);
			inputPaths = (
				"${SRCROOT}/Pods/Target Support Files/Pods-desafio-mobile/Pods-desafio-mobile-frameworks.sh",
				"${BUILT_PRODUCTS_DIR}/Alamofire/Alamofire.framework",
				"${BUILT_PRODUCTS_DIR}/ObjectMapper/ObjectMapper.framework",
				"${BUILT_PRODUCTS_DIR}/SDWebImage/SDWebImage.framework",
			);
			name = "[CP] Embed Pods Frameworks";
			outputPaths = (
				"${TARGET_BUILD_DIR}/${FRAMEWORKS_FOLDER_PATH}/Alamofire.framework",
				"${TARGET_BUILD_DIR}/${FRAMEWORKS_FOLDER_PATH}/ObjectMapper.framework",
				"${TARGET_BUILD_DIR}/${FRAMEWORKS_FOLDER_PATH}/SDWebImage.framework",
			);
			runOnlyForDeploymentPostprocessing = 0;
			shellPath = /bin/sh;
			shellScript = "\"${SRCROOT}/Pods/Target Support Files/Pods-desafio-mobile/Pods-desafio-mobile-frameworks.sh\"\n";
			showEnvVarsInLog = 0;
		};
/* End PBXShellScriptBuildPhase section */

/* Begin PBXSourcesBuildPhase section */
		1DCCEED71FA62C31007D02CE /* Sources */ = {
			isa = PBXSourcesBuildPhase;
			buildActionMask = 2147483647;
			files = (
				1D3AD8591FA84622008DC794 /* CartProductListViewController.swift in Sources */,
				1D3AD8711FA846A0008DC794 /* APIURL.swift in Sources */,
				1D955E341FA93C2600408472 /* Transaction.swift in Sources */,
				1D955E3A1FA9513500408472 /* TransactionListViewController.swift in Sources */,
				1D3AD8661FA84678008DC794 /* CartManager.swift in Sources */,
				1D3AD8801FA847EB008DC794 /* Section.swift in Sources */,
				1DCCEEDF1FA62C31007D02CE /* AppDelegate.swift in Sources */,
				1D955E361FA9401300408472 /* Card.swift in Sources */,
				1D3AD8761FA846BE008DC794 /* ProductCell.swift in Sources */,
				1D955E3E1FA959EE00408472 /* TransactionSection.swift in Sources */,
				1D3AD8621FA84655008DC794 /* ProductListViewController.swift in Sources */,
				1D3AD8581FA84622008DC794 /* CartProductListSection.swift in Sources */,
				1D955E401FA95A4F00408472 /* TransactionCell.swift in Sources */,
				1D3AD8611FA84655008DC794 /* ProductListSection.swift in Sources */,
				1D3AD85D1FA84635008DC794 /* GitHubAPIParser.swift in Sources */,
				1D3AD8811FA847EB008DC794 /* ProductSection.swift in Sources */,
				1D955E381FA94A0900408472 /* TransactionViewController.swift in Sources */,
				1D3AD86F1FA846A0008DC794 /* Extensions.swift in Sources */,
				1D3AD8781FA846BE008DC794 /* TableViewController.swift in Sources */,
				1D3AD85C1FA84635008DC794 /* GitHubAPI.swift in Sources */,
				1D955E3C1FA9580A00408472 /* TransactionListSection.swift in Sources */,
				1D3AD87D1FA847E4008DC794 /* Product.swift in Sources */,
			);
			runOnlyForDeploymentPostprocessing = 0;
		};
		1DCCEEEB1FA62C31007D02CE /* Sources */ = {
			isa = PBXSourcesBuildPhase;
			buildActionMask = 2147483647;
			files = (
				1DCCEEF41FA62C31007D02CE /* desafio_mobileTests.swift in Sources */,
			);
			runOnlyForDeploymentPostprocessing = 0;
		};
		1DCCEEF61FA62C31007D02CE /* Sources */ = {
			isa = PBXSourcesBuildPhase;
			buildActionMask = 2147483647;
			files = (
				1DCCEEFF1FA62C31007D02CE /* desafio_mobileUITests.swift in Sources */,
			);
			runOnlyForDeploymentPostprocessing = 0;
		};
/* End PBXSourcesBuildPhase section */

/* Begin PBXTargetDependency section */
		1DCCEEF11FA62C31007D02CE /* PBXTargetDependency */ = {
			isa = PBXTargetDependency;
			target = 1DCCEEDA1FA62C31007D02CE /* desafio-mobile */;
			targetProxy = 1DCCEEF01FA62C31007D02CE /* PBXContainerItemProxy */;
		};
		1DCCEEFC1FA62C31007D02CE /* PBXTargetDependency */ = {
			isa = PBXTargetDependency;
			target = 1DCCEEDA1FA62C31007D02CE /* desafio-mobile */;
			targetProxy = 1DCCEEFB1FA62C31007D02CE /* PBXContainerItemProxy */;
		};
/* End PBXTargetDependency section */

/* Begin PBXVariantGroup section */
		1DCCEEE21FA62C31007D02CE /* Main.storyboard */ = {
			isa = PBXVariantGroup;
			children = (
				1DCCEEE31FA62C31007D02CE /* Base */,
			);
			name = Main.storyboard;
			sourceTree = "<group>";
		};
		1DCCEEE71FA62C31007D02CE /* LaunchScreen.storyboard */ = {
			isa = PBXVariantGroup;
			children = (
				1DCCEEE81FA62C31007D02CE /* Base */,
			);
			name = LaunchScreen.storyboard;
			sourceTree = "<group>";
		};
/* End PBXVariantGroup section */

/* Begin XCBuildConfiguration section */
		1DCCEF011FA62C31007D02CE /* Debug */ = {
			isa = XCBuildConfiguration;
			buildSettings = {
				ALWAYS_SEARCH_USER_PATHS = NO;
				CLANG_ANALYZER_NONNULL = YES;
				CLANG_ANALYZER_NUMBER_OBJECT_CONVERSION = YES_AGGRESSIVE;
				CLANG_CXX_LANGUAGE_STANDARD = "gnu++0x";
				CLANG_CXX_LIBRARY = "libc++";
				CLANG_ENABLE_MODULES = YES;
				CLANG_ENABLE_OBJC_ARC = YES;
				CLANG_WARN_BLOCK_CAPTURE_AUTORELEASING = YES;
				CLANG_WARN_BOOL_CONVERSION = YES;
				CLANG_WARN_COMMA = YES;
				CLANG_WARN_CONSTANT_CONVERSION = YES;
				CLANG_WARN_DIRECT_OBJC_ISA_USAGE = YES_ERROR;
				CLANG_WARN_DOCUMENTATION_COMMENTS = YES;
				CLANG_WARN_EMPTY_BODY = YES;
				CLANG_WARN_ENUM_CONVERSION = YES;
				CLANG_WARN_INFINITE_RECURSION = YES;
				CLANG_WARN_INT_CONVERSION = YES;
				CLANG_WARN_NON_LITERAL_NULL_CONVERSION = YES;
				CLANG_WARN_OBJC_LITERAL_CONVERSION = YES;
				CLANG_WARN_OBJC_ROOT_CLASS = YES_ERROR;
				CLANG_WARN_RANGE_LOOP_ANALYSIS = YES;
				CLANG_WARN_STRICT_PROTOTYPES = YES;
				CLANG_WARN_SUSPICIOUS_MOVE = YES;
				CLANG_WARN_UNREACHABLE_CODE = YES;
				CLANG_WARN__DUPLICATE_METHOD_MATCH = YES;
				"CODE_SIGN_IDENTITY[sdk=iphoneos*]" = "iPhone Developer";
				COPY_PHASE_STRIP = NO;
				DEBUG_INFORMATION_FORMAT = dwarf;
				ENABLE_STRICT_OBJC_MSGSEND = YES;
				ENABLE_TESTABILITY = YES;
				GCC_C_LANGUAGE_STANDARD = gnu99;
				GCC_DYNAMIC_NO_PIC = NO;
				GCC_NO_COMMON_BLOCKS = YES;
				GCC_OPTIMIZATION_LEVEL = 0;
				GCC_PREPROCESSOR_DEFINITIONS = (
					"DEBUG=1",
					"$(inherited)",
				);
				GCC_WARN_64_TO_32_BIT_CONVERSION = YES;
				GCC_WARN_ABOUT_RETURN_TYPE = YES_ERROR;
				GCC_WARN_UNDECLARED_SELECTOR = YES;
				GCC_WARN_UNINITIALIZED_AUTOS = YES_AGGRESSIVE;
				GCC_WARN_UNUSED_FUNCTION = YES;
				GCC_WARN_UNUSED_VARIABLE = YES;
				IPHONEOS_DEPLOYMENT_TARGET = 10.3;
				MTL_ENABLE_DEBUG_INFO = YES;
				ONLY_ACTIVE_ARCH = YES;
				SDKROOT = iphoneos;
				SWIFT_ACTIVE_COMPILATION_CONDITIONS = DEBUG;
				SWIFT_OPTIMIZATION_LEVEL = "-Onone";
				SWIFT_VERSION = 4.0;
				TARGETED_DEVICE_FAMILY = "1,2";
			};
			name = Debug;
		};
		1DCCEF021FA62C31007D02CE /* Release */ = {
			isa = XCBuildConfiguration;
			buildSettings = {
				ALWAYS_SEARCH_USER_PATHS = NO;
				CLANG_ANALYZER_NONNULL = YES;
				CLANG_ANALYZER_NUMBER_OBJECT_CONVERSION = YES_AGGRESSIVE;
				CLANG_CXX_LANGUAGE_STANDARD = "gnu++0x";
				CLANG_CXX_LIBRARY = "libc++";
				CLANG_ENABLE_MODULES = YES;
				CLANG_ENABLE_OBJC_ARC = YES;
				CLANG_WARN_BLOCK_CAPTURE_AUTORELEASING = YES;
				CLANG_WARN_BOOL_CONVERSION = YES;
				CLANG_WARN_COMMA = YES;
				CLANG_WARN_CONSTANT_CONVERSION = YES;
				CLANG_WARN_DIRECT_OBJC_ISA_USAGE = YES_ERROR;
				CLANG_WARN_DOCUMENTATION_COMMENTS = YES;
				CLANG_WARN_EMPTY_BODY = YES;
				CLANG_WARN_ENUM_CONVERSION = YES;
				CLANG_WARN_INFINITE_RECURSION = YES;
				CLANG_WARN_INT_CONVERSION = YES;
				CLANG_WARN_NON_LITERAL_NULL_CONVERSION = YES;
				CLANG_WARN_OBJC_LITERAL_CONVERSION = YES;
				CLANG_WARN_OBJC_ROOT_CLASS = YES_ERROR;
				CLANG_WARN_RANGE_LOOP_ANALYSIS = YES;
				CLANG_WARN_STRICT_PROTOTYPES = YES;
				CLANG_WARN_SUSPICIOUS_MOVE = YES;
				CLANG_WARN_UNREACHABLE_CODE = YES;
				CLANG_WARN__DUPLICATE_METHOD_MATCH = YES;
				"CODE_SIGN_IDENTITY[sdk=iphoneos*]" = "iPhone Developer";
				COPY_PHASE_STRIP = NO;
				DEBUG_INFORMATION_FORMAT = "dwarf-with-dsym";
				ENABLE_NS_ASSERTIONS = NO;
				ENABLE_STRICT_OBJC_MSGSEND = YES;
				GCC_C_LANGUAGE_STANDARD = gnu99;
				GCC_NO_COMMON_BLOCKS = YES;
				GCC_WARN_64_TO_32_BIT_CONVERSION = YES;
				GCC_WARN_ABOUT_RETURN_TYPE = YES_ERROR;
				GCC_WARN_UNDECLARED_SELECTOR = YES;
				GCC_WARN_UNINITIALIZED_AUTOS = YES_AGGRESSIVE;
				GCC_WARN_UNUSED_FUNCTION = YES;
				GCC_WARN_UNUSED_VARIABLE = YES;
				IPHONEOS_DEPLOYMENT_TARGET = 10.3;
				MTL_ENABLE_DEBUG_INFO = NO;
				SDKROOT = iphoneos;
				SWIFT_OPTIMIZATION_LEVEL = "-Owholemodule";
				SWIFT_VERSION = 4.0;
				TARGETED_DEVICE_FAMILY = "1,2";
				VALIDATE_PRODUCT = YES;
			};
			name = Release;
		};
		1DCCEF041FA62C31007D02CE /* Debug */ = {
			isa = XCBuildConfiguration;
			baseConfigurationReference = 91B22A560BDCFD0D02AD55C0 /* Pods-desafio-mobile.debug.xcconfig */;
			buildSettings = {
				ASSETCATALOG_COMPILER_APPICON_NAME = AppIcon;
				INFOPLIST_FILE = "desafio-mobile/Info.plist";
				LD_RUNPATH_SEARCH_PATHS = "$(inherited) @executable_path/Frameworks";
				PRODUCT_BUNDLE_IDENTIFIER = "jadesilveira.desafio-mobile";
				PRODUCT_NAME = "$(TARGET_NAME)";
				SWIFT_SWIFT3_OBJC_INFERENCE = Default;
				SWIFT_VERSION = 4.0;
			};
			name = Debug;
		};
		1DCCEF051FA62C31007D02CE /* Release */ = {
			isa = XCBuildConfiguration;
			baseConfigurationReference = 7425E17F07F8E22A7D55B731 /* Pods-desafio-mobile.release.xcconfig */;
			buildSettings = {
				ASSETCATALOG_COMPILER_APPICON_NAME = AppIcon;
				INFOPLIST_FILE = "desafio-mobile/Info.plist";
				LD_RUNPATH_SEARCH_PATHS = "$(inherited) @executable_path/Frameworks";
				PRODUCT_BUNDLE_IDENTIFIER = "jadesilveira.desafio-mobile";
				PRODUCT_NAME = "$(TARGET_NAME)";
				SWIFT_SWIFT3_OBJC_INFERENCE = Default;
				SWIFT_VERSION = 4.0;
			};
			name = Release;
		};
		1DCCEF071FA62C31007D02CE /* Debug */ = {
			isa = XCBuildConfiguration;
			baseConfigurationReference = 9F6B70365777CF77ED24933D /* Pods-desafio-mobileTests.debug.xcconfig */;
			buildSettings = {
				ALWAYS_EMBED_SWIFT_STANDARD_LIBRARIES = YES;
				BUNDLE_LOADER = "$(TEST_HOST)";
				INFOPLIST_FILE = "desafio-mobileTests/Info.plist";
				LD_RUNPATH_SEARCH_PATHS = "$(inherited) @executable_path/Frameworks @loader_path/Frameworks";
				PRODUCT_BUNDLE_IDENTIFIER = "jadesilveira.desafio-mobileTests";
				PRODUCT_NAME = "$(TARGET_NAME)";
				SWIFT_SWIFT3_OBJC_INFERENCE = Default;
				SWIFT_VERSION = 4.0;
				TEST_HOST = "$(BUILT_PRODUCTS_DIR)/desafio-mobile.app/desafio-mobile";
			};
			name = Debug;
		};
		1DCCEF081FA62C31007D02CE /* Release */ = {
			isa = XCBuildConfiguration;
			baseConfigurationReference = 3ACB4AD30BADFE5B7728A9D7 /* Pods-desafio-mobileTests.release.xcconfig */;
			buildSettings = {
				ALWAYS_EMBED_SWIFT_STANDARD_LIBRARIES = YES;
				BUNDLE_LOADER = "$(TEST_HOST)";
				INFOPLIST_FILE = "desafio-mobileTests/Info.plist";
				LD_RUNPATH_SEARCH_PATHS = "$(inherited) @executable_path/Frameworks @loader_path/Frameworks";
				PRODUCT_BUNDLE_IDENTIFIER = "jadesilveira.desafio-mobileTests";
				PRODUCT_NAME = "$(TARGET_NAME)";
				SWIFT_SWIFT3_OBJC_INFERENCE = Default;
				SWIFT_VERSION = 4.0;
				TEST_HOST = "$(BUILT_PRODUCTS_DIR)/desafio-mobile.app/desafio-mobile";
			};
			name = Release;
		};
		1DCCEF0A1FA62C31007D02CE /* Debug */ = {
			isa = XCBuildConfiguration;
			baseConfigurationReference = 9874A70FF578A1591755DA0C /* Pods-desafio-mobileUITests.debug.xcconfig */;
			buildSettings = {
				ALWAYS_EMBED_SWIFT_STANDARD_LIBRARIES = YES;
				INFOPLIST_FILE = "desafio-mobileUITests/Info.plist";
				LD_RUNPATH_SEARCH_PATHS = "$(inherited) @executable_path/Frameworks @loader_path/Frameworks";
				PRODUCT_BUNDLE_IDENTIFIER = "jadesilveira.desafio-mobileUITests";
				PRODUCT_NAME = "$(TARGET_NAME)";
				SWIFT_SWIFT3_OBJC_INFERENCE = Default;
				SWIFT_VERSION = 4.0;
				TEST_TARGET_NAME = "desafio-mobile";
			};
			name = Debug;
		};
		1DCCEF0B1FA62C31007D02CE /* Release */ = {
			isa = XCBuildConfiguration;
			baseConfigurationReference = 541F54FB9D688E44E212B030 /* Pods-desafio-mobileUITests.release.xcconfig */;
			buildSettings = {
				ALWAYS_EMBED_SWIFT_STANDARD_LIBRARIES = YES;
				INFOPLIST_FILE = "desafio-mobileUITests/Info.plist";
				LD_RUNPATH_SEARCH_PATHS = "$(inherited) @executable_path/Frameworks @loader_path/Frameworks";
				PRODUCT_BUNDLE_IDENTIFIER = "jadesilveira.desafio-mobileUITests";
				PRODUCT_NAME = "$(TARGET_NAME)";
				SWIFT_SWIFT3_OBJC_INFERENCE = Default;
				SWIFT_VERSION = 4.0;
				TEST_TARGET_NAME = "desafio-mobile";
			};
			name = Release;
		};
/* End XCBuildConfiguration section */

/* Begin XCConfigurationList section */
		1DCCEED61FA62C31007D02CE /* Build configuration list for PBXProject "desafio-mobile" */ = {
			isa = XCConfigurationList;
			buildConfigurations = (
				1DCCEF011FA62C31007D02CE /* Debug */,
				1DCCEF021FA62C31007D02CE /* Release */,
			);
			defaultConfigurationIsVisible = 0;
			defaultConfigurationName = Release;
		};
		1DCCEF031FA62C31007D02CE /* Build configuration list for PBXNativeTarget "desafio-mobile" */ = {
			isa = XCConfigurationList;
			buildConfigurations = (
				1DCCEF041FA62C31007D02CE /* Debug */,
				1DCCEF051FA62C31007D02CE /* Release */,
			);
			defaultConfigurationIsVisible = 0;
			defaultConfigurationName = Release;
		};
		1DCCEF061FA62C31007D02CE /* Build configuration list for PBXNativeTarget "desafio-mobileTests" */ = {
			isa = XCConfigurationList;
			buildConfigurations = (
				1DCCEF071FA62C31007D02CE /* Debug */,
				1DCCEF081FA62C31007D02CE /* Release */,
			);
			defaultConfigurationIsVisible = 0;
			defaultConfigurationName = Release;
		};
		1DCCEF091FA62C31007D02CE /* Build configuration list for PBXNativeTarget "desafio-mobileUITests" */ = {
			isa = XCConfigurationList;
			buildConfigurations = (
				1DCCEF0A1FA62C31007D02CE /* Debug */,
				1DCCEF0B1FA62C31007D02CE /* Release */,
			);
			defaultConfigurationIsVisible = 0;
			defaultConfigurationName = Release;
		};
/* End XCConfigurationList section */
	};
	rootObject = 1DCCEED31FA62C31007D02CE /* Project object */;
}
